// !$*UTF8*$!
{
	archiveVersion = 1;
	classes = {
	};
	objectVersion = 48;
	objects = {

/* Begin PBXBuildFile section */
		010921BF208DCECA005E200C /* AppDelegate.swift in Sources */ = {isa = PBXBuildFile; fileRef = 010921BE208DCECA005E200C /* AppDelegate.swift */; };
		010921C1208DCECA005E200C /* ViewController.swift in Sources */ = {isa = PBXBuildFile; fileRef = 010921C0208DCECA005E200C /* ViewController.swift */; };
		010921C6208DCECA005E200C /* Assets.xcassets in Resources */ = {isa = PBXBuildFile; fileRef = 010921C5208DCECA005E200C /* Assets.xcassets */; };
		010921C9208DCECA005E200C /* LaunchScreen.storyboard in Resources */ = {isa = PBXBuildFile; fileRef = 010921C7208DCECA005E200C /* LaunchScreen.storyboard */; };
		01762619208DD1D000343214 /* RootConfigure.swift in Sources */ = {isa = PBXBuildFile; fileRef = 01762618208DD1D000343214 /* RootConfigure.swift */; };
		0176261B208DD21C00343214 /* Configure.swift in Sources */ = {isa = PBXBuildFile; fileRef = 0176261A208DD21C00343214 /* Configure.swift */; };
		0176261D208DD27200343214 /* SubmitButtonReactor.swift in Sources */ = {isa = PBXBuildFile; fileRef = 0176261C208DD27200343214 /* SubmitButtonReactor.swift */; };
		01762620208DD34C00343214 /* Reactor.swift in Sources */ = {isa = PBXBuildFile; fileRef = 0176261F208DD34C00343214 /* Reactor.swift */; };
		01762622208DD36D00343214 /* ReactorView.swift in Sources */ = {isa = PBXBuildFile; fileRef = 01762621208DD36D00343214 /* ReactorView.swift */; };
		11C7BF691ECDE79CA4FCE2D6 /* Pods_ReactorSample.framework in Frameworks */ = {isa = PBXBuildFile; fileRef = 1E52CCF06F0AFE2B82DE5941 /* Pods_ReactorSample.framework */; };
/* End PBXBuildFile section */

/* Begin PBXFileReference section */
		010921BB208DCECA005E200C /* ReactorSample.app */ = {isa = PBXFileReference; explicitFileType = wrapper.application; includeInIndex = 0; path = ReactorSample.app; sourceTree = BUILT_PRODUCTS_DIR; };
		010921BE208DCECA005E200C /* AppDelegate.swift */ = {isa = PBXFileReference; lastKnownFileType = sourcecode.swift; path = AppDelegate.swift; sourceTree = "<group>"; };
		010921C0208DCECA005E200C /* ViewController.swift */ = {isa = PBXFileReference; lastKnownFileType = sourcecode.swift; path = ViewController.swift; sourceTree = "<group>"; };
		010921C5208DCECA005E200C /* Assets.xcassets */ = {isa = PBXFileReference; lastKnownFileType = folder.assetcatalog; path = Assets.xcassets; sourceTree = "<group>"; };
		010921C8208DCECA005E200C /* Base */ = {isa = PBXFileReference; lastKnownFileType = file.storyboard; name = Base; path = Base.lproj/LaunchScreen.storyboard; sourceTree = "<group>"; };
		010921CA208DCECA005E200C /* Info.plist */ = {isa = PBXFileReference; lastKnownFileType = text.plist.xml; path = Info.plist; sourceTree = "<group>"; };
		01762618208DD1D000343214 /* RootConfigure.swift */ = {isa = PBXFileReference; lastKnownFileType = sourcecode.swift; path = RootConfigure.swift; sourceTree = "<group>"; };
		0176261A208DD21C00343214 /* Configure.swift */ = {isa = PBXFileReference; lastKnownFileType = sourcecode.swift; path = Configure.swift; sourceTree = "<group>"; };
		0176261C208DD27200343214 /* SubmitButtonReactor.swift */ = {isa = PBXFileReference; lastKnownFileType = sourcecode.swift; path = SubmitButtonReactor.swift; sourceTree = "<group>"; };
		0176261F208DD34C00343214 /* Reactor.swift */ = {isa = PBXFileReference; lastKnownFileType = sourcecode.swift; path = Reactor.swift; sourceTree = "<group>"; };
		01762621208DD36D00343214 /* ReactorView.swift */ = {isa = PBXFileReference; lastKnownFileType = sourcecode.swift; path = ReactorView.swift; sourceTree = "<group>"; };
		1E52CCF06F0AFE2B82DE5941 /* Pods_ReactorSample.framework */ = {isa = PBXFileReference; explicitFileType = wrapper.framework; includeInIndex = 0; path = Pods_ReactorSample.framework; sourceTree = BUILT_PRODUCTS_DIR; };
		C0CC52E37DA7A975DD614D5F /* Pods-ReactorSample.release.xcconfig */ = {isa = PBXFileReference; includeInIndex = 1; lastKnownFileType = text.xcconfig; name = "Pods-ReactorSample.release.xcconfig"; path = "Pods/Target Support Files/Pods-ReactorSample/Pods-ReactorSample.release.xcconfig"; sourceTree = "<group>"; };
		C5DD402ED945BDFCE0F36766 /* Pods-ReactorSample.debug.xcconfig */ = {isa = PBXFileReference; includeInIndex = 1; lastKnownFileType = text.xcconfig; name = "Pods-ReactorSample.debug.xcconfig"; path = "Pods/Target Support Files/Pods-ReactorSample/Pods-ReactorSample.debug.xcconfig"; sourceTree = "<group>"; };
/* End PBXFileReference section */

/* Begin PBXFrameworksBuildPhase section */
		010921B8208DCECA005E200C /* Frameworks */ = {
			isa = PBXFrameworksBuildPhase;
			buildActionMask = 2147483647;
			files = (
				11C7BF691ECDE79CA4FCE2D6 /* Pods_ReactorSample.framework in Frameworks */,
			);
			runOnlyForDeploymentPostprocessing = 0;
		};
/* End PBXFrameworksBuildPhase section */

/* Begin PBXGroup section */
		010921B2208DCECA005E200C = {
			isa = PBXGroup;
			children = (
				010921BD208DCECA005E200C /* ReactorSample */,
				010921BC208DCECA005E200C /* Products */,
				F0DB6716BE9494F149F5D416 /* Pods */,
				E78DDD33DFBC0F0BA2619275 /* Frameworks */,
			);
			sourceTree = "<group>";
		};
		010921BC208DCECA005E200C /* Products */ = {
			isa = PBXGroup;
			children = (
				010921BB208DCECA005E200C /* ReactorSample.app */,
			);
			name = Products;
			sourceTree = "<group>";
		};
		010921BD208DCECA005E200C /* ReactorSample */ = {
			isa = PBXGroup;
			children = (
				010921D0208DCEDA005E200C /* Assets */,
				010921D1208DCEE5005E200C /* Classes */,
				010921CA208DCECA005E200C /* Info.plist */,
			);
			path = ReactorSample;
			sourceTree = "<group>";
		};
		010921D0208DCEDA005E200C /* Assets */ = {
			isa = PBXGroup;
			children = (
				010921C5208DCECA005E200C /* Assets.xcassets */,
				010921C7208DCECA005E200C /* LaunchScreen.storyboard */,
			);
			path = Assets;
			sourceTree = "<group>";
		};
		010921D1208DCEE5005E200C /* Classes */ = {
			isa = PBXGroup;
			children = (
				0176261E208DD34200343214 /* Quad */,
				010921D3208DCF00005E200C /* Data */,
				010921D4208DCF06005E200C /* Services */,
				010921D2208DCEF2005E200C /* Scenes */,
				010921BE208DCECA005E200C /* AppDelegate.swift */,
			);
			path = Classes;
			sourceTree = "<group>";
		};
		010921D2208DCEF2005E200C /* Scenes */ = {
			isa = PBXGroup;
			children = (
				01762615208DD1AB00343214 /* Root */,
				0176261A208DD21C00343214 /* Configure.swift */,
			);
			path = Scenes;
			sourceTree = "<group>";
		};
		010921D3208DCF00005E200C /* Data */ = {
			isa = PBXGroup;
			children = (
			);
			path = Data;
			sourceTree = "<group>";
		};
		010921D4208DCF06005E200C /* Services */ = {
			isa = PBXGroup;
			children = (
			);
			path = Services;
			sourceTree = "<group>";
		};
		01762615208DD1AB00343214 /* Root */ = {
			isa = PBXGroup;
			children = (
				01762617208DD1BD00343214 /* Subviews */,
				01762616208DD1B700343214 /* Reactor */,
				010921C0208DCECA005E200C /* ViewController.swift */,
				01762618208DD1D000343214 /* RootConfigure.swift */,
			);
			path = Root;
			sourceTree = "<group>";
		};
		01762616208DD1B700343214 /* Reactor */ = {
			isa = PBXGroup;
			children = (
				0176261C208DD27200343214 /* SubmitButtonReactor.swift */,
			);
			path = Reactor;
			sourceTree = "<group>";
		};
		01762617208DD1BD00343214 /* Subviews */ = {
			isa = PBXGroup;
			children = (
			);
			path = Subviews;
			sourceTree = "<group>";
		};
		0176261E208DD34200343214 /* Quad */ = {
			isa = PBXGroup;
			children = (
				0176261F208DD34C00343214 /* Reactor.swift */,
				01762621208DD36D00343214 /* ReactorView.swift */,
			);
			path = Quad;
			sourceTree = "<group>";
		};
		E78DDD33DFBC0F0BA2619275 /* Frameworks */ = {
			isa = PBXGroup;
			children = (
				1E52CCF06F0AFE2B82DE5941 /* Pods_ReactorSample.framework */,
			);
			name = Frameworks;
			sourceTree = "<group>";
		};
		F0DB6716BE9494F149F5D416 /* Pods */ = {
			isa = PBXGroup;
			children = (
				C5DD402ED945BDFCE0F36766 /* Pods-ReactorSample.debug.xcconfig */,
				C0CC52E37DA7A975DD614D5F /* Pods-ReactorSample.release.xcconfig */,
			);
			name = Pods;
			sourceTree = "<group>";
		};
/* End PBXGroup section */

/* Begin PBXNativeTarget section */
		010921BA208DCECA005E200C /* ReactorSample */ = {
			isa = PBXNativeTarget;
			buildConfigurationList = 010921CD208DCECA005E200C /* Build configuration list for PBXNativeTarget "ReactorSample" */;
			buildPhases = (
				E8706E8F258DC899E3B754DA /* [CP] Check Pods Manifest.lock */,
				010921B7208DCECA005E200C /* Sources */,
				010921B8208DCECA005E200C /* Frameworks */,
				010921B9208DCECA005E200C /* Resources */,
				BB88C22ABE889DC9293B23DD /* [CP] Embed Pods Frameworks */,
				3D20800F0E3F6635A959220C /* [CP] Copy Pods Resources */,
			);
			buildRules = (
			);
			dependencies = (
			);
			name = ReactorSample;
			productName = ReactorSample;
			productReference = 010921BB208DCECA005E200C /* ReactorSample.app */;
			productType = "com.apple.product-type.application";
		};
/* End PBXNativeTarget section */

/* Begin PBXProject section */
		010921B3208DCECA005E200C /* Project object */ = {
			isa = PBXProject;
			attributes = {
				LastSwiftUpdateCheck = 0920;
				LastUpgradeCheck = 0920;
				ORGANIZATIONNAME = quad;
				TargetAttributes = {
					010921BA208DCECA005E200C = {
						CreatedOnToolsVersion = 9.2;
						ProvisioningStyle = Automatic;
					};
				};
			};
			buildConfigurationList = 010921B6208DCECA005E200C /* Build configuration list for PBXProject "ReactorSample" */;
			compatibilityVersion = "Xcode 8.0";
			developmentRegion = en;
			hasScannedForEncodings = 0;
			knownRegions = (
				en,
				Base,
			);
			mainGroup = 010921B2208DCECA005E200C;
			productRefGroup = 010921BC208DCECA005E200C /* Products */;
			projectDirPath = "";
			projectRoot = "";
			targets = (
				010921BA208DCECA005E200C /* ReactorSample */,
			);
		};
/* End PBXProject section */

/* Begin PBXResourcesBuildPhase section */
		010921B9208DCECA005E200C /* Resources */ = {
			isa = PBXResourcesBuildPhase;
			buildActionMask = 2147483647;
			files = (
				010921C9208DCECA005E200C /* LaunchScreen.storyboard in Resources */,
				010921C6208DCECA005E200C /* Assets.xcassets in Resources */,
			);
			runOnlyForDeploymentPostprocessing = 0;
		};
/* End PBXResourcesBuildPhase section */

/* Begin PBXShellScriptBuildPhase section */
		3D20800F0E3F6635A959220C /* [CP] Copy Pods Resources */ = {
			isa = PBXShellScriptBuildPhase;
			buildActionMask = 2147483647;
			files = (
			);
			inputPaths = (
			);
			name = "[CP] Copy Pods Resources";
			outputPaths = (
			);
			runOnlyForDeploymentPostprocessing = 0;
			shellPath = /bin/sh;
			shellScript = "\"${SRCROOT}/Pods/Target Support Files/Pods-ReactorSample/Pods-ReactorSample-resources.sh\"\n";
			showEnvVarsInLog = 0;
		};
		BB88C22ABE889DC9293B23DD /* [CP] Embed Pods Frameworks */ = {
			isa = PBXShellScriptBuildPhase;
			buildActionMask = 2147483647;
			files = (
			);
			inputPaths = (
				"${SRCROOT}/Pods/Target Support Files/Pods-ReactorSample/Pods-ReactorSample-frameworks.sh",
				"${BUILT_PRODUCTS_DIR}/RxCocoa/RxCocoa.framework",
				"${BUILT_PRODUCTS_DIR}/RxSwift/RxSwift.framework",
			);
			name = "[CP] Embed Pods Frameworks";
			outputPaths = (
				"${TARGET_BUILD_DIR}/${FRAMEWORKS_FOLDER_PATH}/RxCocoa.framework",
				"${TARGET_BUILD_DIR}/${FRAMEWORKS_FOLDER_PATH}/RxSwift.framework",
			);
			runOnlyForDeploymentPostprocessing = 0;
			shellPath = /bin/sh;
			shellScript = "\"${SRCROOT}/Pods/Target Support Files/Pods-ReactorSample/Pods-ReactorSample-frameworks.sh\"\n";
			showEnvVarsInLog = 0;
		};
		E8706E8F258DC899E3B754DA /* [CP] Check Pods Manifest.lock */ = {
			isa = PBXShellScriptBuildPhase;
			buildActionMask = 2147483647;
			files = (
			);
			inputPaths = (
				"${PODS_PODFILE_DIR_PATH}/Podfile.lock",
				"${PODS_ROOT}/Manifest.lock",
			);
			name = "[CP] Check Pods Manifest.lock";
			outputPaths = (
				"$(DERIVED_FILE_DIR)/Pods-ReactorSample-checkManifestLockResult.txt",
			);
			runOnlyForDeploymentPostprocessing = 0;
			shellPath = /bin/sh;
			shellScript = "diff \"${PODS_PODFILE_DIR_PATH}/Podfile.lock\" \"${PODS_ROOT}/Manifest.lock\" > /dev/null\nif [ $? != 0 ] ; then\n    # print error to STDERR\n    echo \"error: The sandbox is not in sync with the Podfile.lock. Run 'pod install' or update your CocoaPods installation.\" >&2\n    exit 1\nfi\n# This output is used by Xcode 'outputs' to avoid re-running this script phase.\necho \"SUCCESS\" > \"${SCRIPT_OUTPUT_FILE_0}\"\n";
			showEnvVarsInLog = 0;
		};
/* End PBXShellScriptBuildPhase section */

/* Begin PBXSourcesBuildPhase section */
		010921B7208DCECA005E200C /* Sources */ = {
			isa = PBXSourcesBuildPhase;
			buildActionMask = 2147483647;
			files = (
				0176261B208DD21C00343214 /* Configure.swift in Sources */,
				0176261D208DD27200343214 /* SubmitButtonReactor.swift in Sources */,
				010921C1208DCECA005E200C /* ViewController.swift in Sources */,
				01762619208DD1D000343214 /* RootConfigure.swift in Sources */,
				01762620208DD34C00343214 /* Reactor.swift in Sources */,
				01762622208DD36D00343214 /* ReactorView.swift in Sources */,
				010921BF208DCECA005E200C /* AppDelegate.swift in Sources */,
			);
			runOnlyForDeploymentPostprocessing = 0;
		};
/* End PBXSourcesBuildPhase section */

/* Begin PBXVariantGroup section */
		010921C7208DCECA005E200C /* LaunchScreen.storyboard */ = {
			isa = PBXVariantGroup;
			children = (
				010921C8208DCECA005E200C /* Base */,
			);
			name = LaunchScreen.storyboard;
			sourceTree = "<group>";
		};
/* End PBXVariantGroup section */

/* Begin XCBuildConfiguration section */
		010921CB208DCECA005E200C /* Debug */ = {
			isa = XCBuildConfiguration;
			buildSettings = {
				ALWAYS_SEARCH_USER_PATHS = NO;
				CLANG_ANALYZER_NONNULL = YES;
				CLANG_ANALYZER_NUMBER_OBJECT_CONVERSION = YES_AGGRESSIVE;
				CLANG_CXX_LANGUAGE_STANDARD = "gnu++14";
				CLANG_CXX_LIBRARY = "libc++";
				CLANG_ENABLE_MODULES = YES;
				CLANG_ENABLE_OBJC_ARC = YES;
				CLANG_WARN_BLOCK_CAPTURE_AUTORELEASING = YES;
				CLANG_WARN_BOOL_CONVERSION = YES;
				CLANG_WARN_COMMA = YES;
				CLANG_WARN_CONSTANT_CONVERSION = YES;
				CLANG_WARN_DIRECT_OBJC_ISA_USAGE = YES_ERROR;
				CLANG_WARN_DOCUMENTATION_COMMENTS = YES;
				CLANG_WARN_EMPTY_BODY = YES;
				CLANG_WARN_ENUM_CONVERSION = YES;
				CLANG_WARN_INFINITE_RECURSION = YES;
				CLANG_WARN_INT_CONVERSION = YES;
				CLANG_WARN_NON_LITERAL_NULL_CONVERSION = YES;
				CLANG_WARN_OBJC_LITERAL_CONVERSION = YES;
				CLANG_WARN_OBJC_ROOT_CLASS = YES_ERROR;
				CLANG_WARN_RANGE_LOOP_ANALYSIS = YES;
				CLANG_WARN_STRICT_PROTOTYPES = YES;
				CLANG_WARN_SUSPICIOUS_MOVE = YES;
				CLANG_WARN_UNGUARDED_AVAILABILITY = YES_AGGRESSIVE;
				CLANG_WARN_UNREACHABLE_CODE = YES;
				CLANG_WARN__DUPLICATE_METHOD_MATCH = YES;
				CODE_SIGN_IDENTITY = "iPhone Developer";
				COPY_PHASE_STRIP = NO;
				DEBUG_INFORMATION_FORMAT = dwarf;
				ENABLE_STRICT_OBJC_MSGSEND = YES;
				ENABLE_TESTABILITY = YES;
				GCC_C_LANGUAGE_STANDARD = gnu11;
				GCC_DYNAMIC_NO_PIC = NO;
				GCC_NO_COMMON_BLOCKS = YES;
				GCC_OPTIMIZATION_LEVEL = 0;
				GCC_PREPROCESSOR_DEFINITIONS = (
					"DEBUG=1",
					"$(inherited)",
				);
				GCC_WARN_64_TO_32_BIT_CONVERSION = YES;
				GCC_WARN_ABOUT_RETURN_TYPE = YES_ERROR;
				GCC_WARN_UNDECLARED_SELECTOR = YES;
				GCC_WARN_UNINITIALIZED_AUTOS = YES_AGGRESSIVE;
				GCC_WARN_UNUSED_FUNCTION = YES;
				GCC_WARN_UNUSED_VARIABLE = YES;
				IPHONEOS_DEPLOYMENT_TARGET = 11.2;
				MTL_ENABLE_DEBUG_INFO = YES;
				ONLY_ACTIVE_ARCH = YES;
				SDKROOT = iphoneos;
				SWIFT_ACTIVE_COMPILATION_CONDITIONS = DEBUG;
				SWIFT_OPTIMIZATION_LEVEL = "-Onone";
			};
			name = Debug;
		};
		010921CC208DCECA005E200C /* Release */ = {
			isa = XCBuildConfiguration;
			buildSettings = {
				ALWAYS_SEARCH_USER_PATHS = NO;
				CLANG_ANALYZER_NONNULL = YES;
				CLANG_ANALYZER_NUMBER_OBJECT_CONVERSION = YES_AGGRESSIVE;
				CLANG_CXX_LANGUAGE_STANDARD = "gnu++14";
				CLANG_CXX_LIBRARY = "libc++";
				CLANG_ENABLE_MODULES = YES;
				CLANG_ENABLE_OBJC_ARC = YES;
				CLANG_WARN_BLOCK_CAPTURE_AUTORELEASING = YES;
				CLANG_WARN_BOOL_CONVERSION = YES;
				CLANG_WARN_COMMA = YES;
				CLANG_WARN_CONSTANT_CONVERSION = YES;
				CLANG_WARN_DIRECT_OBJC_ISA_USAGE = YES_ERROR;
				CLANG_WARN_DOCUMENTATION_COMMENTS = YES;
				CLANG_WARN_EMPTY_BODY = YES;
				CLANG_WARN_ENUM_CONVERSION = YES;
				CLANG_WARN_INFINITE_RECURSION = YES;
				CLANG_WARN_INT_CONVERSION = YES;
				CLANG_WARN_NON_LITERAL_NULL_CONVERSION = YES;
				CLANG_WARN_OBJC_LITERAL_CONVERSION = YES;
				CLANG_WARN_OBJC_ROOT_CLASS = YES_ERROR;
				CLANG_WARN_RANGE_LOOP_ANALYSIS = YES;
				CLANG_WARN_STRICT_PROTOTYPES = YES;
				CLANG_WARN_SUSPICIOUS_MOVE = YES;
				CLANG_WARN_UNGUARDED_AVAILABILITY = YES_AGGRESSIVE;
				CLANG_WARN_UNREACHABLE_CODE = YES;
				CLANG_WARN__DUPLICATE_METHOD_MATCH = YES;
				CODE_SIGN_IDENTITY = "iPhone Developer";
				COPY_PHASE_STRIP = NO;
				DEBUG_INFORMATION_FORMAT = "dwarf-with-dsym";
				ENABLE_NS_ASSERTIONS = NO;
				ENABLE_STRICT_OBJC_MSGSEND = YES;
				GCC_C_LANGUAGE_STANDARD = gnu11;
				GCC_NO_COMMON_BLOCKS = YES;
				GCC_WARN_64_TO_32_BIT_CONVERSION = YES;
				GCC_WARN_ABOUT_RETURN_TYPE = YES_ERROR;
				GCC_WARN_UNDECLARED_SELECTOR = YES;
				GCC_WARN_UNINITIALIZED_AUTOS = YES_AGGRESSIVE;
				GCC_WARN_UNUSED_FUNCTION = YES;
				GCC_WARN_UNUSED_VARIABLE = YES;
				IPHONEOS_DEPLOYMENT_TARGET = 11.2;
				MTL_ENABLE_DEBUG_INFO = NO;
				SDKROOT = iphoneos;
				SWIFT_OPTIMIZATION_LEVEL = "-Owholemodule";
				VALIDATE_PRODUCT = YES;
			};
			name = Release;
		};
		010921CE208DCECA005E200C /* Debug */ = {
			isa = XCBuildConfiguration;
			baseConfigurationReference = C5DD402ED945BDFCE0F36766 /* Pods-ReactorSample.debug.xcconfig */;
			buildSettings = {
				ASSETCATALOG_COMPILER_APPICON_NAME = AppIcon;
				CODE_SIGN_STYLE = Automatic;
				DEVELOPMENT_TEAM = 93GSU5NMZY;
				INFOPLIST_FILE = ReactorSample/Info.plist;
				LD_RUNPATH_SEARCH_PATHS = "$(inherited) @executable_path/Frameworks";
				PRODUCT_BUNDLE_IDENTIFIER = quad.ReactorSample;
				PRODUCT_NAME = "$(TARGET_NAME)";
				SWIFT_VERSION = 4.0;
				TARGETED_DEVICE_FAMILY = "1,2";
			};
			name = Debug;
		};
		010921CF208DCECA005E200C /* Release */ = {
			isa = XCBuildConfiguration;
			baseConfigurationReference = C0CC52E37DA7A975DD614D5F /* Pods-ReactorSample.release.xcconfig */;
			buildSettings = {
				ASSETCATALOG_COMPILER_APPICON_NAME = AppIcon;
				CODE_SIGN_STYLE = Automatic;
				DEVELOPMENT_TEAM = 93GSU5NMZY;
				INFOPLIST_FILE = ReactorSample/Info.plist;
				LD_RUNPATH_SEARCH_PATHS = "$(inherited) @executable_path/Frameworks";
				PRODUCT_BUNDLE_IDENTIFIER = quad.ReactorSample;
				PRODUCT_NAME = "$(TARGET_NAME)";
				SWIFT_VERSION = 4.0;
				TARGETED_DEVICE_FAMILY = "1,2";
			};
			name = Release;
		};
/* End XCBuildConfiguration section */

/* Begin XCConfigurationList section */
		010921B6208DCECA005E200C /* Build configuration list for PBXProject "ReactorSample" */ = {
			isa = XCConfigurationList;
			buildConfigurations = (
				010921CB208DCECA005E200C /* Debug */,
				010921CC208DCECA005E200C /* Release */,
			);
			defaultConfigurationIsVisible = 0;
			defaultConfigurationName = Release;
		};
		010921CD208DCECA005E200C /* Build configuration list for PBXNativeTarget "ReactorSample" */ = {
			isa = XCConfigurationList;
			buildConfigurations = (
				010921CE208DCECA005E200C /* Debug */,
				010921CF208DCECA005E200C /* Release */,
			);
			defaultConfigurationIsVisible = 0;
			defaultConfigurationName = Release;
		};
/* End XCConfigurationList section */
	};
	rootObject = 010921B3208DCECA005E200C /* Project object */;
}
